PODS:
  - ANZBreadcrumbsNavigationController (0.4.0)

DEPENDENCIES:
  - ANZBreadcrumbsNavigationController (from `../`)

EXTERNAL SOURCES:
  ANZBreadcrumbsNavigationController:
    :path: "../"

SPEC CHECKSUMS:
  ANZBreadcrumbsNavigationController: 5d15d43083e25650714d17004934700cc5a6ace2

PODFILE CHECKSUM: fa3c8038e523ae6381491c91c15d2ae0c410926d

COCOAPODS: 1.5.3
