PODS:
  - ANZBreadcrumbsNavigationController (0.6.0)

DEPENDENCIES:
  - ANZBreadcrumbsNavigationController (from `../`)

EXTERNAL SOURCES:
  ANZBreadcrumbsNavigationController:
    :path: "../"

SPEC CHECKSUMS:
  ANZBreadcrumbsNavigationController: 77439ecda85fd34e67aa763c8fb9dfdcc4cf7787

PODFILE CHECKSUM: 14d21dd73be5a678d45c01fbc2c2f183e4908221

COCOAPODS: 1.5.3
